// !$*UTF8*$!
{
	archiveVersion = 1;
	classes = {
	};
	objectVersion = 46;
	objects = {

/* Begin PBXBuildFile section */
		4B3A65D51CF2E8A600BF7A26 /* AppDelegate.swift in Sources */ = {isa = PBXBuildFile; fileRef = 4B3A65D41CF2E8A600BF7A26 /* AppDelegate.swift */; };
		4B3A65D71CF2E8A600BF7A26 /* ViewController.swift in Sources */ = {isa = PBXBuildFile; fileRef = 4B3A65D61CF2E8A600BF7A26 /* ViewController.swift */; };
		4B3A65DA1CF2E8A600BF7A26 /* Main.storyboard in Resources */ = {isa = PBXBuildFile; fileRef = 4B3A65D81CF2E8A600BF7A26 /* Main.storyboard */; };
		4B3A65DC1CF2E8A600BF7A26 /* Assets.xcassets in Resources */ = {isa = PBXBuildFile; fileRef = 4B3A65DB1CF2E8A600BF7A26 /* Assets.xcassets */; };
		4B3A65DF1CF2E8A600BF7A26 /* LaunchScreen.storyboard in Resources */ = {isa = PBXBuildFile; fileRef = 4B3A65DD1CF2E8A600BF7A26 /* LaunchScreen.storyboard */; };
		4B3A65EA1CF2E8A600BF7A26 /* CustomSegmentedControlTests.swift in Sources */ = {isa = PBXBuildFile; fileRef = 4B3A65E91CF2E8A600BF7A26 /* CustomSegmentedControlTests.swift */; };
		4B3A65F51CF2E8A600BF7A26 /* CustomSegmentedControlUITests.swift in Sources */ = {isa = PBXBuildFile; fileRef = 4B3A65F41CF2E8A600BF7A26 /* CustomSegmentedControlUITests.swift */; };
/* End PBXBuildFile section */

/* Begin PBXContainerItemProxy section */
		4B3A65E61CF2E8A600BF7A26 /* PBXContainerItemProxy */ = {
			isa = PBXContainerItemProxy;
			containerPortal = 4B3A65C91CF2E8A600BF7A26 /* Project object */;
			proxyType = 1;
			remoteGlobalIDString = 4B3A65D01CF2E8A600BF7A26;
			remoteInfo = CustomSegmentedControl;
		};
		4B3A65F11CF2E8A600BF7A26 /* PBXContainerItemProxy */ = {
			isa = PBXContainerItemProxy;
			containerPortal = 4B3A65C91CF2E8A600BF7A26 /* Project object */;
			proxyType = 1;
			remoteGlobalIDString = 4B3A65D01CF2E8A600BF7A26;
			remoteInfo = CustomSegmentedControl;
		};
/* End PBXContainerItemProxy section */

/* Begin PBXFileReference section */
		4B3A65D11CF2E8A600BF7A26 /* CustomSegmentedControl.app */ = {isa = PBXFileReference; explicitFileType = wrapper.application; includeInIndex = 0; path = CustomSegmentedControl.app; sourceTree = BUILT_PRODUCTS_DIR; };
		4B3A65D41CF2E8A600BF7A26 /* AppDelegate.swift */ = {isa = PBXFileReference; lastKnownFileType = sourcecode.swift; path = AppDelegate.swift; sourceTree = "<group>"; };
		4B3A65D61CF2E8A600BF7A26 /* ViewController.swift */ = {isa = PBXFileReference; lastKnownFileType = sourcecode.swift; path = ViewController.swift; sourceTree = "<group>"; };
		4B3A65D91CF2E8A600BF7A26 /* Base */ = {isa = PBXFileReference; lastKnownFileType = file.storyboard; name = Base; path = Base.lproj/Main.storyboard; sourceTree = "<group>"; };
		4B3A65DB1CF2E8A600BF7A26 /* Assets.xcassets */ = {isa = PBXFileReference; lastKnownFileType = folder.assetcatalog; path = Assets.xcassets; sourceTree = "<group>"; };
		4B3A65DE1CF2E8A600BF7A26 /* Base */ = {isa = PBXFileReference; lastKnownFileType = file.storyboard; name = Base; path = Base.lproj/LaunchScreen.storyboard; sourceTree = "<group>"; };
		4B3A65E01CF2E8A600BF7A26 /* Info.plist */ = {isa = PBXFileReference; lastKnownFileType = text.plist.xml; path = Info.plist; sourceTree = "<group>"; };
		4B3A65E51CF2E8A600BF7A26 /* CustomSegmentedControlTests.xctest */ = {isa = PBXFileReference; explicitFileType = wrapper.cfbundle; includeInIndex = 0; path = CustomSegmentedControlTests.xctest; sourceTree = BUILT_PRODUCTS_DIR; };
		4B3A65E91CF2E8A600BF7A26 /* CustomSegmentedControlTests.swift */ = {isa = PBXFileReference; lastKnownFileType = sourcecode.swift; path = CustomSegmentedControlTests.swift; sourceTree = "<group>"; };
		4B3A65EB1CF2E8A600BF7A26 /* Info.plist */ = {isa = PBXFileReference; lastKnownFileType = text.plist.xml; path = Info.plist; sourceTree = "<group>"; };
		4B3A65F01CF2E8A600BF7A26 /* CustomSegmentedControlUITests.xctest */ = {isa = PBXFileReference; explicitFileType = wrapper.cfbundle; includeInIndex = 0; path = CustomSegmentedControlUITests.xctest; sourceTree = BUILT_PRODUCTS_DIR; };
		4B3A65F41CF2E8A600BF7A26 /* CustomSegmentedControlUITests.swift */ = {isa = PBXFileReference; lastKnownFileType = sourcecode.swift; path = CustomSegmentedControlUITests.swift; sourceTree = "<group>"; };
		4B3A65F61CF2E8A600BF7A26 /* Info.plist */ = {isa = PBXFileReference; lastKnownFileType = text.plist.xml; path = Info.plist; sourceTree = "<group>"; };
/* End PBXFileReference section */

/* Begin PBXFrameworksBuildPhase section */
		4B3A65CE1CF2E8A600BF7A26 /* Frameworks */ = {
			isa = PBXFrameworksBuildPhase;
			buildActionMask = 2147483647;
			files = (
			);
			runOnlyForDeploymentPostprocessing = 0;
		};
		4B3A65E21CF2E8A600BF7A26 /* Frameworks */ = {
			isa = PBXFrameworksBuildPhase;
			buildActionMask = 2147483647;
			files = (
			);
			runOnlyForDeploymentPostprocessing = 0;
		};
		4B3A65ED1CF2E8A600BF7A26 /* Frameworks */ = {
			isa = PBXFrameworksBuildPhase;
			buildActionMask = 2147483647;
			files = (
			);
			runOnlyForDeploymentPostprocessing = 0;
		};
/* End PBXFrameworksBuildPhase section */

/* Begin PBXGroup section */
		4B3A65C81CF2E8A600BF7A26 = {
			isa = PBXGroup;
			children = (
				4B3A65D31CF2E8A600BF7A26 /* CustomSegmentedControl */,
				4B3A65E81CF2E8A600BF7A26 /* CustomSegmentedControlTests */,
				4B3A65F31CF2E8A600BF7A26 /* CustomSegmentedControlUITests */,
				4B3A65D21CF2E8A600BF7A26 /* Products */,
			);
			sourceTree = "<group>";
		};
		4B3A65D21CF2E8A600BF7A26 /* Products */ = {
			isa = PBXGroup;
			children = (
				4B3A65D11CF2E8A600BF7A26 /* CustomSegmentedControl.app */,
				4B3A65E51CF2E8A600BF7A26 /* CustomSegmentedControlTests.xctest */,
				4B3A65F01CF2E8A600BF7A26 /* CustomSegmentedControlUITests.xctest */,
			);
			name = Products;
			sourceTree = "<group>";
		};
		4B3A65D31CF2E8A600BF7A26 /* CustomSegmentedControl */ = {
			isa = PBXGroup;
			children = (
				4B3A65D41CF2E8A600BF7A26 /* AppDelegate.swift */,
				4B3A65D61CF2E8A600BF7A26 /* ViewController.swift */,
				4B3A65D81CF2E8A600BF7A26 /* Main.storyboard */,
				4B3A65DB1CF2E8A600BF7A26 /* Assets.xcassets */,
				4B3A65DD1CF2E8A600BF7A26 /* LaunchScreen.storyboard */,
				4B3A65E01CF2E8A600BF7A26 /* Info.plist */,
			);
			path = CustomSegmentedControl;
			sourceTree = "<group>";
		};
		4B3A65E81CF2E8A600BF7A26 /* CustomSegmentedControlTests */ = {
			isa = PBXGroup;
			children = (
				4B3A65E91CF2E8A600BF7A26 /* CustomSegmentedControlTests.swift */,
				4B3A65EB1CF2E8A600BF7A26 /* Info.plist */,
			);
			path = CustomSegmentedControlTests;
			sourceTree = "<group>";
		};
		4B3A65F31CF2E8A600BF7A26 /* CustomSegmentedControlUITests */ = {
			isa = PBXGroup;
			children = (
				4B3A65F41CF2E8A600BF7A26 /* CustomSegmentedControlUITests.swift */,
				4B3A65F61CF2E8A600BF7A26 /* Info.plist */,
			);
			path = CustomSegmentedControlUITests;
			sourceTree = "<group>";
		};
/* End PBXGroup section */

/* Begin PBXNativeTarget section */
		4B3A65D01CF2E8A600BF7A26 /* CustomSegmentedControl */ = {
			isa = PBXNativeTarget;
			buildConfigurationList = 4B3A65F91CF2E8A600BF7A26 /* Build configuration list for PBXNativeTarget "CustomSegmentedControl" */;
			buildPhases = (
				4B3A65CD1CF2E8A600BF7A26 /* Sources */,
				4B3A65CE1CF2E8A600BF7A26 /* Frameworks */,
				4B3A65CF1CF2E8A600BF7A26 /* Resources */,
			);
			buildRules = (
			);
			dependencies = (
			);
			name = CustomSegmentedControl;
			productName = CustomSegmentedControl;
			productReference = 4B3A65D11CF2E8A600BF7A26 /* CustomSegmentedControl.app */;
			productType = "com.apple.product-type.application";
		};
		4B3A65E41CF2E8A600BF7A26 /* CustomSegmentedControlTests */ = {
			isa = PBXNativeTarget;
			buildConfigurationList = 4B3A65FC1CF2E8A600BF7A26 /* Build configuration list for PBXNativeTarget "CustomSegmentedControlTests" */;
			buildPhases = (
				4B3A65E11CF2E8A600BF7A26 /* Sources */,
				4B3A65E21CF2E8A600BF7A26 /* Frameworks */,
				4B3A65E31CF2E8A600BF7A26 /* Resources */,
			);
			buildRules = (
			);
			dependencies = (
				4B3A65E71CF2E8A600BF7A26 /* PBXTargetDependency */,
			);
			name = CustomSegmentedControlTests;
			productName = CustomSegmentedControlTests;
			productReference = 4B3A65E51CF2E8A600BF7A26 /* CustomSegmentedControlTests.xctest */;
			productType = "com.apple.product-type.bundle.unit-test";
		};
		4B3A65EF1CF2E8A600BF7A26 /* CustomSegmentedControlUITests */ = {
			isa = PBXNativeTarget;
			buildConfigurationList = 4B3A65FF1CF2E8A600BF7A26 /* Build configuration list for PBXNativeTarget "CustomSegmentedControlUITests" */;
			buildPhases = (
				4B3A65EC1CF2E8A600BF7A26 /* Sources */,
				4B3A65ED1CF2E8A600BF7A26 /* Frameworks */,
				4B3A65EE1CF2E8A600BF7A26 /* Resources */,
			);
			buildRules = (
			);
			dependencies = (
				4B3A65F21CF2E8A600BF7A26 /* PBXTargetDependency */,
			);
			name = CustomSegmentedControlUITests;
			productName = CustomSegmentedControlUITests;
			productReference = 4B3A65F01CF2E8A600BF7A26 /* CustomSegmentedControlUITests.xctest */;
			productType = "com.apple.product-type.bundle.ui-testing";
		};
/* End PBXNativeTarget section */

/* Begin PBXProject section */
		4B3A65C91CF2E8A600BF7A26 /* Project object */ = {
			isa = PBXProject;
			attributes = {
				LastSwiftUpdateCheck = 0730;
				LastUpgradeCheck = 0730;
				ORGANIZATIONNAME = sherry;
				TargetAttributes = {
					4B3A65D01CF2E8A600BF7A26 = {
						CreatedOnToolsVersion = 7.3;
					};
					4B3A65E41CF2E8A600BF7A26 = {
						CreatedOnToolsVersion = 7.3;
						TestTargetID = 4B3A65D01CF2E8A600BF7A26;
					};
					4B3A65EF1CF2E8A600BF7A26 = {
						CreatedOnToolsVersion = 7.3;
						TestTargetID = 4B3A65D01CF2E8A600BF7A26;
					};
				};
			};
			buildConfigurationList = 4B3A65CC1CF2E8A600BF7A26 /* Build configuration list for PBXProject "CustomSegmentedControl" */;
			compatibilityVersion = "Xcode 3.2";
			developmentRegion = English;
			hasScannedForEncodings = 0;
			knownRegions = (
				en,
				Base,
			);
			mainGroup = 4B3A65C81CF2E8A600BF7A26;
			productRefGroup = 4B3A65D21CF2E8A600BF7A26 /* Products */;
			projectDirPath = "";
			projectRoot = "";
			targets = (
				4B3A65D01CF2E8A600BF7A26 /* CustomSegmentedControl */,
				4B3A65E41CF2E8A600BF7A26 /* CustomSegmentedControlTests */,
				4B3A65EF1CF2E8A600BF7A26 /* CustomSegmentedControlUITests */,
			);
		};
/* End PBXProject section */

/* Begin PBXResourcesBuildPhase section */
		4B3A65CF1CF2E8A600BF7A26 /* Resources */ = {
			isa = PBXResourcesBuildPhase;
			buildActionMask = 2147483647;
			files = (
				4B3A65DF1CF2E8A600BF7A26 /* LaunchScreen.storyboard in Resources */,
				4B3A65DC1CF2E8A600BF7A26 /* Assets.xcassets in Resources */,
				4B3A65DA1CF2E8A600BF7A26 /* Main.storyboard in Resources */,
			);
			runOnlyForDeploymentPostprocessing = 0;
		};
		4B3A65E31CF2E8A600BF7A26 /* Resources */ = {
			isa = PBXResourcesBuildPhase;
			buildActionMask = 2147483647;
			files = (
			);
			runOnlyForDeploymentPostprocessing = 0;
		};
		4B3A65EE1CF2E8A600BF7A26 /* Resources */ = {
			isa = PBXResourcesBuildPhase;
			buildActionMask = 2147483647;
			files = (
			);
			runOnlyForDeploymentPostprocessing = 0;
		};
/* End PBXResourcesBuildPhase section */

/* Begin PBXSourcesBuildPhase section */
		4B3A65CD1CF2E8A600BF7A26 /* Sources */ = {
			isa = PBXSourcesBuildPhase;
			buildActionMask = 2147483647;
			files = (
				4B3A65D71CF2E8A600BF7A26 /* ViewController.swift in Sources */,
				4B3A65D51CF2E8A600BF7A26 /* AppDelegate.swift in Sources */,
			);
			runOnlyForDeploymentPostprocessing = 0;
		};
		4B3A65E11CF2E8A600BF7A26 /* Sources */ = {
			isa = PBXSourcesBuildPhase;
			buildActionMask = 2147483647;
			files = (
				4B3A65EA1CF2E8A600BF7A26 /* CustomSegmentedControlTests.swift in Sources */,
			);
			runOnlyForDeploymentPostprocessing = 0;
		};
		4B3A65EC1CF2E8A600BF7A26 /* Sources */ = {
			isa = PBXSourcesBuildPhase;
			buildActionMask = 2147483647;
			files = (
				4B3A65F51CF2E8A600BF7A26 /* CustomSegmentedControlUITests.swift in Sources */,
			);
			runOnlyForDeploymentPostprocessing = 0;
		};
/* End PBXSourcesBuildPhase section */

/* Begin PBXTargetDependency section */
		4B3A65E71CF2E8A600BF7A26 /* PBXTargetDependency */ = {
			isa = PBXTargetDependency;
			target = 4B3A65D01CF2E8A600BF7A26 /* CustomSegmentedControl */;
			targetProxy = 4B3A65E61CF2E8A600BF7A26 /* PBXContainerItemProxy */;
		};
		4B3A65F21CF2E8A600BF7A26 /* PBXTargetDependency */ = {
			isa = PBXTargetDependency;
			target = 4B3A65D01CF2E8A600BF7A26 /* CustomSegmentedControl */;
			targetProxy = 4B3A65F11CF2E8A600BF7A26 /* PBXContainerItemProxy */;
		};
/* End PBXTargetDependency section */

/* Begin PBXVariantGroup section */
		4B3A65D81CF2E8A600BF7A26 /* Main.storyboard */ = {
			isa = PBXVariantGroup;
			children = (
				4B3A65D91CF2E8A600BF7A26 /* Base */,
			);
			name = Main.storyboard;
			sourceTree = "<group>";
		};
		4B3A65DD1CF2E8A600BF7A26 /* LaunchScreen.storyboard */ = {
			isa = PBXVariantGroup;
			children = (
				4B3A65DE1CF2E8A600BF7A26 /* Base */,
			);
			name = LaunchScreen.storyboard;
			sourceTree = "<group>";
		};
/* End PBXVariantGroup section */

/* Begin XCBuildConfiguration section */
		4B3A65F71CF2E8A600BF7A26 /* Debug */ = {
			isa = XCBuildConfiguration;
			buildSettings = {
				ALWAYS_SEARCH_USER_PATHS = NO;
				CLANG_ANALYZER_NONNULL = YES;
				CLANG_CXX_LANGUAGE_STANDARD = "gnu++0x";
				CLANG_CXX_LIBRARY = "libc++";
				CLANG_ENABLE_MODULES = YES;
				CLANG_ENABLE_OBJC_ARC = YES;
				CLANG_WARN_BOOL_CONVERSION = YES;
				CLANG_WARN_CONSTANT_CONVERSION = YES;
				CLANG_WARN_DIRECT_OBJC_ISA_USAGE = YES_ERROR;
				CLANG_WARN_EMPTY_BODY = YES;
				CLANG_WARN_ENUM_CONVERSION = YES;
				CLANG_WARN_INT_CONVERSION = YES;
				CLANG_WARN_OBJC_ROOT_CLASS = YES_ERROR;
				CLANG_WARN_UNREACHABLE_CODE = YES;
				CLANG_WARN__DUPLICATE_METHOD_MATCH = YES;
				"CODE_SIGN_IDENTITY[sdk=iphoneos*]" = "iPhone Developer";
				COPY_PHASE_STRIP = NO;
				DEBUG_INFORMATION_FORMAT = dwarf;
				ENABLE_STRICT_OBJC_MSGSEND = YES;
				ENABLE_TESTABILITY = YES;
				GCC_C_LANGUAGE_STANDARD = gnu99;
				GCC_DYNAMIC_NO_PIC = NO;
				GCC_NO_COMMON_BLOCKS = YES;
				GCC_OPTIMIZATION_LEVEL = 0;
				GCC_PREPROCESSOR_DEFINITIONS = (
					"DEBUG=1",
					"$(inherited)",
				);
				GCC_WARN_64_TO_32_BIT_CONVERSION = YES;
				GCC_WARN_ABOUT_RETURN_TYPE = YES_ERROR;
				GCC_WARN_UNDECLARED_SELECTOR = YES;
				GCC_WARN_UNINITIALIZED_AUTOS = YES_AGGRESSIVE;
				GCC_WARN_UNUSED_FUNCTION = YES;
				GCC_WARN_UNUSED_VARIABLE = YES;
				IPHONEOS_DEPLOYMENT_TARGET = 9.3;
				MTL_ENABLE_DEBUG_INFO = YES;
				ONLY_ACTIVE_ARCH = YES;
				SDKROOT = iphoneos;
				SWIFT_OPTIMIZATION_LEVEL = "-Onone";
			};
			name = Debug;
		};
		4B3A65F81CF2E8A600BF7A26 /* Release */ = {
			isa = XCBuildConfiguration;
			buildSettings = {
				ALWAYS_SEARCH_USER_PATHS = NO;
				CLANG_ANALYZER_NONNULL = YES;
				CLANG_CXX_LANGUAGE_STANDARD = "gnu++0x";
				CLANG_CXX_LIBRARY = "libc++";
				CLANG_ENABLE_MODULES = YES;
				CLANG_ENABLE_OBJC_ARC = YES;
				CLANG_WARN_BOOL_CONVERSION = YES;
				CLANG_WARN_CONSTANT_CONVERSION = YES;
				CLANG_WARN_DIRECT_OBJC_ISA_USAGE = YES_ERROR;
				CLANG_WARN_EMPTY_BODY = YES;
				CLANG_WARN_ENUM_CONVERSION = YES;
				CLANG_WARN_INT_CONVERSION = YES;
				CLANG_WARN_OBJC_ROOT_CLASS = YES_ERROR;
				CLANG_WARN_UNREACHABLE_CODE = YES;
				CLANG_WARN__DUPLICATE_METHOD_MATCH = YES;
				"CODE_SIGN_IDENTITY[sdk=iphoneos*]" = "iPhone Developer";
				COPY_PHASE_STRIP = NO;
				DEBUG_INFORMATION_FORMAT = "dwarf-with-dsym";
				ENABLE_NS_ASSERTIONS = NO;
				ENABLE_STRICT_OBJC_MSGSEND = YES;
				GCC_C_LANGUAGE_STANDARD = gnu99;
				GCC_NO_COMMON_BLOCKS = YES;
				GCC_WARN_64_TO_32_BIT_CONVERSION = YES;
				GCC_WARN_ABOUT_RETURN_TYPE = YES_ERROR;
				GCC_WARN_UNDECLARED_SELECTOR = YES;
				GCC_WARN_UNINITIALIZED_AUTOS = YES_AGGRESSIVE;
				GCC_WARN_UNUSED_FUNCTION = YES;
				GCC_WARN_UNUSED_VARIABLE = YES;
				IPHONEOS_DEPLOYMENT_TARGET = 9.3;
				MTL_ENABLE_DEBUG_INFO = NO;
				SDKROOT = iphoneos;
				VALIDATE_PRODUCT = YES;
			};
			name = Release;
		};
		4B3A65FA1CF2E8A600BF7A26 /* Debug */ = {
			isa = XCBuildConfiguration;
			buildSettings = {
				ASSETCATALOG_COMPILER_APPICON_NAME = AppIcon;
				INFOPLIST_FILE = CustomSegmentedControl/Info.plist;
				LD_RUNPATH_SEARCH_PATHS = "$(inherited) @executable_path/Frameworks";
				PRODUCT_BUNDLE_IDENTIFIER = com.sherry.CustomSegmentedControl;
				PRODUCT_NAME = "$(TARGET_NAME)";
			};
			name = Debug;
		};
		4B3A65FB1CF2E8A600BF7A26 /* Release */ = {
			isa = XCBuildConfiguration;
			buildSettings = {
				ASSETCATALOG_COMPILER_APPICON_NAME = AppIcon;
				INFOPLIST_FILE = CustomSegmentedControl/Info.plist;
				LD_RUNPATH_SEARCH_PATHS = "$(inherited) @executable_path/Frameworks";
				PRODUCT_BUNDLE_IDENTIFIER = com.sherry.CustomSegmentedControl;
				PRODUCT_NAME = "$(TARGET_NAME)";
			};
			name = Release;
		};
		4B3A65FD1CF2E8A600BF7A26 /* Debug */ = {
			isa = XCBuildConfiguration;
			buildSettings = {
				BUNDLE_LOADER = "$(TEST_HOST)";
				INFOPLIST_FILE = CustomSegmentedControlTests/Info.plist;
				LD_RUNPATH_SEARCH_PATHS = "$(inherited) @executable_path/Frameworks @loader_path/Frameworks";
				PRODUCT_BUNDLE_IDENTIFIER = com.sherry.CustomSegmentedControlTests;
				PRODUCT_NAME = "$(TARGET_NAME)";
				TEST_HOST = "$(BUILT_PRODUCTS_DIR)/CustomSegmentedControl.app/CustomSegmentedControl";
			};
			name = Debug;
		};
		4B3A65FE1CF2E8A600BF7A26 /* Release */ = {
			isa = XCBuildConfiguration;
			buildSettings = {
				BUNDLE_LOADER = "$(TEST_HOST)";
				INFOPLIST_FILE = CustomSegmentedControlTests/Info.plist;
				LD_RUNPATH_SEARCH_PATHS = "$(inherited) @executable_path/Frameworks @loader_path/Frameworks";
				PRODUCT_BUNDLE_IDENTIFIER = com.sherry.CustomSegmentedControlTests;
				PRODUCT_NAME = "$(TARGET_NAME)";
				TEST_HOST = "$(BUILT_PRODUCTS_DIR)/CustomSegmentedControl.app/CustomSegmentedControl";
			};
			name = Release;
		};
		4B3A66001CF2E8A600BF7A26 /* Debug */ = {
			isa = XCBuildConfiguration;
			buildSettings = {
				INFOPLIST_FILE = CustomSegmentedControlUITests/Info.plist;
				LD_RUNPATH_SEARCH_PATHS = "$(inherited) @executable_path/Frameworks @loader_path/Frameworks";
				PRODUCT_BUNDLE_IDENTIFIER = com.sherry.CustomSegmentedControlUITests;
				PRODUCT_NAME = "$(TARGET_NAME)";
				TEST_TARGET_NAME = CustomSegmentedControl;
			};
			name = Debug;
		};
		4B3A66011CF2E8A600BF7A26 /* Release */ = {
			isa = XCBuildConfiguration;
			buildSettings = {
				INFOPLIST_FILE = CustomSegmentedControlUITests/Info.plist;
				LD_RUNPATH_SEARCH_PATHS = "$(inherited) @executable_path/Frameworks @loader_path/Frameworks";
				PRODUCT_BUNDLE_IDENTIFIER = com.sherry.CustomSegmentedControlUITests;
				PRODUCT_NAME = "$(TARGET_NAME)";
				TEST_TARGET_NAME = CustomSegmentedControl;
			};
			name = Release;
		};
/* End XCBuildConfiguration section */

/* Begin XCConfigurationList section */
		4B3A65CC1CF2E8A600BF7A26 /* Build configuration list for PBXProject "CustomSegmentedControl" */ = {
			isa = XCConfigurationList;
			buildConfigurations = (
				4B3A65F71CF2E8A600BF7A26 /* Debug */,
				4B3A65F81CF2E8A600BF7A26 /* Release */,
			);
			defaultConfigurationIsVisible = 0;
			defaultConfigurationName = Release;
		};
		4B3A65F91CF2E8A600BF7A26 /* Build configuration list for PBXNativeTarget "CustomSegmentedControl" */ = {
			isa = XCConfigurationList;
			buildConfigurations = (
				4B3A65FA1CF2E8A600BF7A26 /* Debug */,
				4B3A65FB1CF2E8A600BF7A26 /* Release */,
			);
			defaultConfigurationIsVisible = 0;
		};
		4B3A65FC1CF2E8A600BF7A26 /* Build configuration list for PBXNativeTarget "CustomSegmentedControlTests" */ = {
			isa = XCConfigurationList;
			buildConfigurations = (
				4B3A65FD1CF2E8A600BF7A26 /* Debug */,
				4B3A65FE1CF2E8A600BF7A26 /* Release */,
			);
			defaultConfigurationIsVisible = 0;
		};
		4B3A65FF1CF2E8A600BF7A26 /* Build configuration list for PBXNativeTarget "CustomSegmentedControlUITests" */ = {
			isa = XCConfigurationList;
			buildConfigurations = (
				4B3A66001CF2E8A600BF7A26 /* Debug */,
				4B3A66011CF2E8A600BF7A26 /* Release */,
			);
			defaultConfigurationIsVisible = 0;
		};
/* End XCConfigurationList section */
	};
	rootObject = 4B3A65C91CF2E8A600BF7A26 /* Project object */;
}
